// !$*UTF8*$!
{
	archiveVersion = 1;
	classes = {
	};
	objectVersion = 55;
	objects = {

/* Begin PBXBuildFile section */
		9F7DA88B2743BFD700B0E6BF /* AppDelegate.swift in Sources */ = {isa = PBXBuildFile; fileRef = 9F7DA88A2743BFD700B0E6BF /* AppDelegate.swift */; };
		9F7DA88D2743BFD700B0E6BF /* SceneDelegate.swift in Sources */ = {isa = PBXBuildFile; fileRef = 9F7DA88C2743BFD700B0E6BF /* SceneDelegate.swift */; };
		9F7DA88F2743BFD700B0E6BF /* RainVC.swift in Sources */ = {isa = PBXBuildFile; fileRef = 9F7DA88E2743BFD700B0E6BF /* RainVC.swift */; };
		9F7DA8922743BFD700B0E6BF /* Main.storyboard in Resources */ = {isa = PBXBuildFile; fileRef = 9F7DA8902743BFD700B0E6BF /* Main.storyboard */; };
		9F7DA8942743BFD800B0E6BF /* Assets.xcassets in Resources */ = {isa = PBXBuildFile; fileRef = 9F7DA8932743BFD800B0E6BF /* Assets.xcassets */; };
		9F7DA8972743BFD800B0E6BF /* LaunchScreen.storyboard in Resources */ = {isa = PBXBuildFile; fileRef = 9F7DA8952743BFD800B0E6BF /* LaunchScreen.storyboard */; };
		9F7DA8A62743C6E300B0E6BF /* CollectionViewCell.swift in Sources */ = {isa = PBXBuildFile; fileRef = 9F7DA8A52743C6E300B0E6BF /* CollectionViewCell.swift */; };
		9F7DA8AA2743D1FE00B0E6BF /* singleViewPhoto.swift in Sources */ = {isa = PBXBuildFile; fileRef = 9F7DA8A92743D1FE00B0E6BF /* singleViewPhoto.swift */; };
/* End PBXBuildFile section */

/* Begin PBXFileReference section */
		9F7DA8872743BFD700B0E6BF /* Rain_CollectionViews.app */ = {isa = PBXFileReference; explicitFileType = wrapper.application; includeInIndex = 0; path = Rain_CollectionViews.app; sourceTree = BUILT_PRODUCTS_DIR; };
		9F7DA88A2743BFD700B0E6BF /* AppDelegate.swift */ = {isa = PBXFileReference; lastKnownFileType = sourcecode.swift; path = AppDelegate.swift; sourceTree = "<group>"; };
		9F7DA88C2743BFD700B0E6BF /* SceneDelegate.swift */ = {isa = PBXFileReference; lastKnownFileType = sourcecode.swift; path = SceneDelegate.swift; sourceTree = "<group>"; };
		9F7DA88E2743BFD700B0E6BF /* RainVC.swift */ = {isa = PBXFileReference; lastKnownFileType = sourcecode.swift; path = RainVC.swift; sourceTree = "<group>"; };
		9F7DA8912743BFD700B0E6BF /* Base */ = {isa = PBXFileReference; lastKnownFileType = file.storyboard; name = Base; path = Base.lproj/Main.storyboard; sourceTree = "<group>"; };
		9F7DA8932743BFD800B0E6BF /* Assets.xcassets */ = {isa = PBXFileReference; lastKnownFileType = folder.assetcatalog; path = Assets.xcassets; sourceTree = "<group>"; };
		9F7DA8962743BFD800B0E6BF /* Base */ = {isa = PBXFileReference; lastKnownFileType = file.storyboard; name = Base; path = Base.lproj/LaunchScreen.storyboard; sourceTree = "<group>"; };
		9F7DA8982743BFD800B0E6BF /* Info.plist */ = {isa = PBXFileReference; lastKnownFileType = text.plist.xml; path = Info.plist; sourceTree = "<group>"; };
		9F7DA8A52743C6E300B0E6BF /* CollectionViewCell.swift */ = {isa = PBXFileReference; lastKnownFileType = sourcecode.swift; path = CollectionViewCell.swift; sourceTree = "<group>"; };
		9F7DA8A92743D1FE00B0E6BF /* singleViewPhoto.swift */ = {isa = PBXFileReference; lastKnownFileType = sourcecode.swift; path = singleViewPhoto.swift; sourceTree = "<group>"; };
/* End PBXFileReference section */

/* Begin PBXFrameworksBuildPhase section */
		9F7DA8842743BFD700B0E6BF /* Frameworks */ = {
			isa = PBXFrameworksBuildPhase;
			buildActionMask = 2147483647;
			files = (
			);
			runOnlyForDeploymentPostprocessing = 0;
		};
/* End PBXFrameworksBuildPhase section */

/* Begin PBXGroup section */
		9F7DA87E2743BFD700B0E6BF = {
			isa = PBXGroup;
			children = (
				9F7DA8892743BFD700B0E6BF /* HW_CollectionViews */,
				9F7DA8882743BFD700B0E6BF /* Products */,
			);
			sourceTree = "<group>";
		};
		9F7DA8882743BFD700B0E6BF /* Products */ = {
			isa = PBXGroup;
			children = (
				9F7DA8872743BFD700B0E6BF /* Rain_CollectionViews.app */,
			);
			name = Products;
			sourceTree = "<group>";
		};
		9F7DA8892743BFD700B0E6BF /* HW_CollectionViews */ = {
			isa = PBXGroup;
			children = (
				9F7DA88A2743BFD700B0E6BF /* AppDelegate.swift */,
				9F7DA88C2743BFD700B0E6BF /* SceneDelegate.swift */,
				9F7DA88E2743BFD700B0E6BF /* RainVC.swift */,
				9F7DA8902743BFD700B0E6BF /* Main.storyboard */,
				9F7DA8932743BFD800B0E6BF /* Assets.xcassets */,
				9F7DA8952743BFD800B0E6BF /* LaunchScreen.storyboard */,
				9F7DA8982743BFD800B0E6BF /* Info.plist */,
				9F7DA8A52743C6E300B0E6BF /* CollectionViewCell.swift */,
				9F7DA8A92743D1FE00B0E6BF /* singleViewPhoto.swift */,
			);
			path = HW_CollectionViews;
			sourceTree = "<group>";
		};
/* End PBXGroup section */

/* Begin PBXNativeTarget section */
		9F7DA8862743BFD700B0E6BF /* Rain_CollectionViews */ = {
			isa = PBXNativeTarget;
			buildConfigurationList = 9F7DA89B2743BFD800B0E6BF /* Build configuration list for PBXNativeTarget "Rain_CollectionViews" */;
			buildPhases = (
				9F7DA8832743BFD700B0E6BF /* Sources */,
				9F7DA8842743BFD700B0E6BF /* Frameworks */,
				9F7DA8852743BFD700B0E6BF /* Resources */,
			);
			buildRules = (
			);
			dependencies = (
			);
			name = Rain_CollectionViews;
			productName = HW_CollectionViews;
			productReference = 9F7DA8872743BFD700B0E6BF /* Rain_CollectionViews.app */;
			productType = "com.apple.product-type.application";
		};
/* End PBXNativeTarget section */

/* Begin PBXProject section */
		9F7DA87F2743BFD700B0E6BF /* Project object */ = {
			isa = PBXProject;
			attributes = {
				BuildIndependentTargetsInParallel = 1;
				LastSwiftUpdateCheck = 1300;
				LastUpgradeCheck = 1300;
				TargetAttributes = {
					9F7DA8862743BFD700B0E6BF = {
						CreatedOnToolsVersion = 13.0;
					};
				};
			};
			buildConfigurationList = 9F7DA8822743BFD700B0E6BF /* Build configuration list for PBXProject "Rain_CollectionViews" */;
			compatibilityVersion = "Xcode 13.0";
			developmentRegion = en;
			hasScannedForEncodings = 0;
			knownRegions = (
				en,
				Base,
			);
			mainGroup = 9F7DA87E2743BFD700B0E6BF;
			productRefGroup = 9F7DA8882743BFD700B0E6BF /* Products */;
			projectDirPath = "";
			projectRoot = "";
			targets = (
				9F7DA8862743BFD700B0E6BF /* Rain_CollectionViews */,
			);
		};
/* End PBXProject section */

/* Begin PBXResourcesBuildPhase section */
		9F7DA8852743BFD700B0E6BF /* Resources */ = {
			isa = PBXResourcesBuildPhase;
			buildActionMask = 2147483647;
			files = (
				9F7DA8972743BFD800B0E6BF /* LaunchScreen.storyboard in Resources */,
				9F7DA8942743BFD800B0E6BF /* Assets.xcassets in Resources */,
				9F7DA8922743BFD700B0E6BF /* Main.storyboard in Resources */,
			);
			runOnlyForDeploymentPostprocessing = 0;
		};
/* End PBXResourcesBuildPhase section */

/* Begin PBXSourcesBuildPhase section */
		9F7DA8832743BFD700B0E6BF /* Sources */ = {
			isa = PBXSourcesBuildPhase;
			buildActionMask = 2147483647;
			files = (
				9F7DA8A62743C6E300B0E6BF /* CollectionViewCell.swift in Sources */,
				9F7DA8AA2743D1FE00B0E6BF /* singleViewPhoto.swift in Sources */,
				9F7DA88F2743BFD700B0E6BF /* RainVC.swift in Sources */,
				9F7DA88B2743BFD700B0E6BF /* AppDelegate.swift in Sources */,
				9F7DA88D2743BFD700B0E6BF /* SceneDelegate.swift in Sources */,
			);
			runOnlyForDeploymentPostprocessing = 0;
		};
/* End PBXSourcesBuildPhase section */

/* Begin PBXVariantGroup section */
		9F7DA8902743BFD700B0E6BF /* Main.storyboard */ = {
			isa = PBXVariantGroup;
			children = (
				9F7DA8912743BFD700B0E6BF /* Base */,
			);
			name = Main.storyboard;
			sourceTree = "<group>";
		};
		9F7DA8952743BFD800B0E6BF /* LaunchScreen.storyboard */ = {
			isa = PBXVariantGroup;
			children = (
				9F7DA8962743BFD800B0E6BF /* Base */,
			);
			name = LaunchScreen.storyboard;
			sourceTree = "<group>";
		};
/* End PBXVariantGroup section */

/* Begin XCBuildConfiguration section */
		9F7DA8992743BFD800B0E6BF /* Debug */ = {
			isa = XCBuildConfiguration;
			buildSettings = {
				ALWAYS_SEARCH_USER_PATHS = NO;
				CLANG_ANALYZER_NONNULL = YES;
				CLANG_ANALYZER_NUMBER_OBJECT_CONVERSION = YES_AGGRESSIVE;
				CLANG_CXX_LANGUAGE_STANDARD = "gnu++17";
				CLANG_CXX_LIBRARY = "libc++";
				CLANG_ENABLE_MODULES = YES;
				CLANG_ENABLE_OBJC_ARC = YES;
				CLANG_ENABLE_OBJC_WEAK = YES;
				CLANG_WARN_BLOCK_CAPTURE_AUTORELEASING = YES;
				CLANG_WARN_BOOL_CONVERSION = YES;
				CLANG_WARN_COMMA = YES;
				CLANG_WARN_CONSTANT_CONVERSION = YES;
				CLANG_WARN_DEPRECATED_OBJC_IMPLEMENTATIONS = YES;
				CLANG_WARN_DIRECT_OBJC_ISA_USAGE = YES_ERROR;
				CLANG_WARN_DOCUMENTATION_COMMENTS = YES;
				CLANG_WARN_EMPTY_BODY = YES;
				CLANG_WARN_ENUM_CONVERSION = YES;
				CLANG_WARN_INFINITE_RECURSION = YES;
				CLANG_WARN_INT_CONVERSION = YES;
				CLANG_WARN_NON_LITERAL_NULL_CONVERSION = YES;
				CLANG_WARN_OBJC_IMPLICIT_RETAIN_SELF = YES;
				CLANG_WARN_OBJC_LITERAL_CONVERSION = YES;
				CLANG_WARN_OBJC_ROOT_CLASS = YES_ERROR;
				CLANG_WARN_QUOTED_INCLUDE_IN_FRAMEWORK_HEADER = YES;
				CLANG_WARN_RANGE_LOOP_ANALYSIS = YES;
				CLANG_WARN_STRICT_PROTOTYPES = YES;
				CLANG_WARN_SUSPICIOUS_MOVE = YES;
				CLANG_WARN_UNGUARDED_AVAILABILITY = YES_AGGRESSIVE;
				CLANG_WARN_UNREACHABLE_CODE = YES;
				CLANG_WARN__DUPLICATE_METHOD_MATCH = YES;
				COPY_PHASE_STRIP = NO;
				DEBUG_INFORMATION_FORMAT = dwarf;
				ENABLE_STRICT_OBJC_MSGSEND = YES;
				ENABLE_TESTABILITY = YES;
				GCC_C_LANGUAGE_STANDARD = gnu11;
				GCC_DYNAMIC_NO_PIC = NO;
				GCC_NO_COMMON_BLOCKS = YES;
				GCC_OPTIMIZATION_LEVEL = 0;
				GCC_PREPROCESSOR_DEFINITIONS = (
					"DEBUG=1",
					"$(inherited)",
				);
				GCC_WARN_64_TO_32_BIT_CONVERSION = YES;
				GCC_WARN_ABOUT_RETURN_TYPE = YES_ERROR;
				GCC_WARN_UNDECLARED_SELECTOR = YES;
				GCC_WARN_UNINITIALIZED_AUTOS = YES_AGGRESSIVE;
				GCC_WARN_UNUSED_FUNCTION = YES;
				GCC_WARN_UNUSED_VARIABLE = YES;
				IPHONEOS_DEPLOYMENT_TARGET = 15.0;
				MTL_ENABLE_DEBUG_INFO = INCLUDE_SOURCE;
				MTL_FAST_MATH = YES;
				ONLY_ACTIVE_ARCH = YES;
				SDKROOT = iphoneos;
				SWIFT_ACTIVE_COMPILATION_CONDITIONS = DEBUG;
				SWIFT_OPTIMIZATION_LEVEL = "-Onone";
			};
			name = Debug;
		};
		9F7DA89A2743BFD800B0E6BF /* Release */ = {
			isa = XCBuildConfiguration;
			buildSettings = {
				ALWAYS_SEARCH_USER_PATHS = NO;
				CLANG_ANALYZER_NONNULL = YES;
				CLANG_ANALYZER_NUMBER_OBJECT_CONVERSION = YES_AGGRESSIVE;
				CLANG_CXX_LANGUAGE_STANDARD = "gnu++17";
				CLANG_CXX_LIBRARY = "libc++";
				CLANG_ENABLE_MODULES = YES;
				CLANG_ENABLE_OBJC_ARC = YES;
				CLANG_ENABLE_OBJC_WEAK = YES;
				CLANG_WARN_BLOCK_CAPTURE_AUTORELEASING = YES;
				CLANG_WARN_BOOL_CONVERSION = YES;
				CLANG_WARN_COMMA = YES;
				CLANG_WARN_CONSTANT_CONVERSION = YES;
				CLANG_WARN_DEPRECATED_OBJC_IMPLEMENTATIONS = YES;
				CLANG_WARN_DIRECT_OBJC_ISA_USAGE = YES_ERROR;
				CLANG_WARN_DOCUMENTATION_COMMENTS = YES;
				CLANG_WARN_EMPTY_BODY = YES;
				CLANG_WARN_ENUM_CONVERSION = YES;
				CLANG_WARN_INFINITE_RECURSION = YES;
				CLANG_WARN_INT_CONVERSION = YES;
				CLANG_WARN_NON_LITERAL_NULL_CONVERSION = YES;
				CLANG_WARN_OBJC_IMPLICIT_RETAIN_SELF = YES;
				CLANG_WARN_OBJC_LITERAL_CONVERSION = YES;
				CLANG_WARN_OBJC_ROOT_CLASS = YES_ERROR;
				CLANG_WARN_QUOTED_INCLUDE_IN_FRAMEWORK_HEADER = YES;
				CLANG_WARN_RANGE_LOOP_ANALYSIS = YES;
				CLANG_WARN_STRICT_PROTOTYPES = YES;
				CLANG_WARN_SUSPICIOUS_MOVE = YES;
				CLANG_WARN_UNGUARDED_AVAILABILITY = YES_AGGRESSIVE;
				CLANG_WARN_UNREACHABLE_CODE = YES;
				CLANG_WARN__DUPLICATE_METHOD_MATCH = YES;
				COPY_PHASE_STRIP = NO;
				DEBUG_INFORMATION_FORMAT = "dwarf-with-dsym";
				ENABLE_NS_ASSERTIONS = NO;
				ENABLE_STRICT_OBJC_MSGSEND = YES;
				GCC_C_LANGUAGE_STANDARD = gnu11;
				GCC_NO_COMMON_BLOCKS = YES;
				GCC_WARN_64_TO_32_BIT_CONVERSION = YES;
				GCC_WARN_ABOUT_RETURN_TYPE = YES_ERROR;
				GCC_WARN_UNDECLARED_SELECTOR = YES;
				GCC_WARN_UNINITIALIZED_AUTOS = YES_AGGRESSIVE;
				GCC_WARN_UNUSED_FUNCTION = YES;
				GCC_WARN_UNUSED_VARIABLE = YES;
				IPHONEOS_DEPLOYMENT_TARGET = 15.0;
				MTL_ENABLE_DEBUG_INFO = NO;
				MTL_FAST_MATH = YES;
				SDKROOT = iphoneos;
				SWIFT_COMPILATION_MODE = wholemodule;
				SWIFT_OPTIMIZATION_LEVEL = "-O";
				VALIDATE_PRODUCT = YES;
			};
			name = Release;
		};
		9F7DA89C2743BFD800B0E6BF /* Debug */ = {
			isa = XCBuildConfiguration;
			buildSettings = {
				ASSETCATALOG_COMPILER_APPICON_NAME = AppIcon;
				ASSETCATALOG_COMPILER_GLOBAL_ACCENT_COLOR_NAME = AccentColor;
				CODE_SIGN_STYLE = Automatic;
				CURRENT_PROJECT_VERSION = 1;
				GENERATE_INFOPLIST_FILE = YES;
				INFOPLIST_FILE = HW_CollectionViews/Info.plist;
				INFOPLIST_KEY_UIApplicationSupportsIndirectInputEvents = YES;
				INFOPLIST_KEY_UILaunchStoryboardName = LaunchScreen;
				INFOPLIST_KEY_UIMainStoryboardFile = Main;
				INFOPLIST_KEY_UISupportedInterfaceOrientations_iPad = "UIInterfaceOrientationPortrait UIInterfaceOrientationPortraitUpsideDown UIInterfaceOrientationLandscapeLeft UIInterfaceOrientationLandscapeRight";
				INFOPLIST_KEY_UISupportedInterfaceOrientations_iPhone = "UIInterfaceOrientationPortrait UIInterfaceOrientationLandscapeLeft UIInterfaceOrientationLandscapeRight";
				LD_RUNPATH_SEARCH_PATHS = (
					"$(inherited)",
					"@executable_path/Frameworks",
				);
				MARKETING_VERSION = 1.0;
				PRODUCT_BUNDLE_IDENTIFIER = "com.google.HW-CollectionViews";
				PRODUCT_NAME = "$(TARGET_NAME)";
				SWIFT_EMIT_LOC_STRINGS = YES;
				SWIFT_VERSION = 5.0;
				TARGETED_DEVICE_FAMILY = "1,2";
			};
			name = Debug;
		};
		9F7DA89D2743BFD800B0E6BF /* Release */ = {
			isa = XCBuildConfiguration;
			buildSettings = {
				ASSETCATALOG_COMPILER_APPICON_NAME = AppIcon;
				ASSETCATALOG_COMPILER_GLOBAL_ACCENT_COLOR_NAME = AccentColor;
				CODE_SIGN_STYLE = Automatic;
				CURRENT_PROJECT_VERSION = 1;
				GENERATE_INFOPLIST_FILE = YES;
				INFOPLIST_FILE = HW_CollectionViews/Info.plist;
				INFOPLIST_KEY_UIApplicationSupportsIndirectInputEvents = YES;
				INFOPLIST_KEY_UILaunchStoryboardName = LaunchScreen;
				INFOPLIST_KEY_UIMainStoryboardFile = Main;
				INFOPLIST_KEY_UISupportedInterfaceOrientations_iPad = "UIInterfaceOrientationPortrait UIInterfaceOrientationPortraitUpsideDown UIInterfaceOrientationLandscapeLeft UIInterfaceOrientationLandscapeRight";
				INFOPLIST_KEY_UISupportedInterfaceOrientations_iPhone = "UIInterfaceOrientationPortrait UIInterfaceOrientationLandscapeLeft UIInterfaceOrientationLandscapeRight";
				LD_RUNPATH_SEARCH_PATHS = (
					"$(inherited)",
					"@executable_path/Frameworks",
				);
				MARKETING_VERSION = 1.0;
				PRODUCT_BUNDLE_IDENTIFIER = "com.google.HW-CollectionViews";
				PRODUCT_NAME = "$(TARGET_NAME)";
				SWIFT_EMIT_LOC_STRINGS = YES;
				SWIFT_VERSION = 5.0;
				TARGETED_DEVICE_FAMILY = "1,2";
			};
			name = Release;
		};
/* End XCBuildConfiguration section */

/* Begin XCConfigurationList section */
		9F7DA8822743BFD700B0E6BF /* Build configuration list for PBXProject "Rain_CollectionViews" */ = {
			isa = XCConfigurationList;
			buildConfigurations = (
				9F7DA8992743BFD800B0E6BF /* Debug */,
				9F7DA89A2743BFD800B0E6BF /* Release */,
			);
			defaultConfigurationIsVisible = 0;
			defaultConfigurationName = Release;
		};
		9F7DA89B2743BFD800B0E6BF /* Build configuration list for PBXNativeTarget "Rain_CollectionViews" */ = {
			isa = XCConfigurationList;
			buildConfigurations = (
				9F7DA89C2743BFD800B0E6BF /* Debug */,
				9F7DA89D2743BFD800B0E6BF /* Release */,
			);
			defaultConfigurationIsVisible = 0;
			defaultConfigurationName = Release;
		};
/* End XCConfigurationList section */
	};
	rootObject = 9F7DA87F2743BFD700B0E6BF /* Project object */;
}
